
Microsoft Visual Studio Solution File, Format Version 12.00
# Visual Studio Version 17
VisualStudioVersion = 17.11.35222.181
MinimumVisualStudioVersion = 10.0.40219.1
Project("{9A19103F-16F7-4668-BE54-9A1E7A4F7556}") = "basics_4", "basics_4\basics_4.csproj", "{600E529F-0A19-46D4-B20B-CBD0650E79F4}"
EndProject
Project("{9A19103F-16F7-4668-BE54-9A1E7A4F7556}") = "arrays", "arrays\arrays.csproj", "{18809084-701E-47EE-A8FE-D27A8868E73F}"
EndProject
Project("{9A19103F-16F7-4668-BE54-9A1E7A4F7556}") = "another_guessing_game", "another_guessing_game\another_guessing_game.csproj", "{CCC85952-838F-4E99-9D4C-BD9855822DDC}"
EndProject
Project("{9A19103F-16F7-4668-BE54-9A1E7A4F7556}") = "multidimensional_arrays", "multidimensional_arrays\multidimensional_arrays.csproj", "{E351C7E3-7D4B-4777-93DB-0C4E507FC762}"
EndProject
Project("{9A19103F-16F7-4668-BE54-9A1E7A4F7556}") = "minesweeper_le_first", "minesweeper_le_first\minesweeper_le_first.csproj", "{82F01167-CBC6-4594-BC94-A8DAF451B0AD}"
EndProject
Project("{FAE04EC0-301F-11D3-BF4B-00C04F79EFBC}") = "recursion", "recursion\recursion.csproj", "{A78A8015-B032-4BAB-99F8-8371EADB7CE1}"
EndProject
Global
	GlobalSection(SolutionConfigurationPlatforms) = preSolution
		Debug|Any CPU = Debug|Any CPU
		Release|Any CPU = Release|Any CPU
	EndGlobalSection
	GlobalSection(ProjectConfigurationPlatforms) = postSolution
		{600E529F-0A19-46D4-B20B-CBD0650E79F4}.Debug|Any CPU.ActiveCfg = Debug|Any CPU
		{600E529F-0A19-46D4-B20B-CBD0650E79F4}.Debug|Any CPU.Build.0 = Debug|Any CPU
		{600E529F-0A19-46D4-B20B-CBD0650E79F4}.Release|Any CPU.ActiveCfg = Release|Any CPU
		{600E529F-0A19-46D4-B20B-CBD0650E79F4}.Release|Any CPU.Build.0 = Release|Any CPU
		{18809084-701E-47EE-A8FE-D27A8868E73F}.Debug|Any CPU.ActiveCfg = Debug|Any CPU
		{18809084-701E-47EE-A8FE-D27A8868E73F}.Debug|Any CPU.Build.0 = Debug|Any CPU
		{18809084-701E-47EE-A8FE-D27A8868E73F}.Release|Any CPU.ActiveCfg = Release|Any CPU
		{18809084-701E-47EE-A8FE-D27A8868E73F}.Release|Any CPU.Build.0 = Release|Any CPU
		{CCC85952-838F-4E99-9D4C-BD9855822DDC}.Debug|Any CPU.ActiveCfg = Debug|Any CPU
		{CCC85952-838F-4E99-9D4C-BD9855822DDC}.Debug|Any CPU.Build.0 = Debug|Any CPU
		{CCC85952-838F-4E99-9D4C-BD9855822DDC}.Release|Any CPU.ActiveCfg = Release|Any CPU
		{CCC85952-838F-4E99-9D4C-BD9855822DDC}.Release|Any CPU.Build.0 = Release|Any CPU
		{E351C7E3-7D4B-4777-93DB-0C4E507FC762}.Debug|Any CPU.ActiveCfg = Debug|Any CPU
		{E351C7E3-7D4B-4777-93DB-0C4E507FC762}.Debug|Any CPU.Build.0 = Debug|Any CPU
		{E351C7E3-7D4B-4777-93DB-0C4E507FC762}.Release|Any CPU.ActiveCfg = Release|Any CPU
		{E351C7E3-7D4B-4777-93DB-0C4E507FC762}.Release|Any CPU.Build.0 = Release|Any CPU
		{82F01167-CBC6-4594-BC94-A8DAF451B0AD}.Debug|Any CPU.ActiveCfg = Debug|Any CPU
		{82F01167-CBC6-4594-BC94-A8DAF451B0AD}.Debug|Any CPU.Build.0 = Debug|Any CPU
		{82F01167-CBC6-4594-BC94-A8DAF451B0AD}.Release|Any CPU.ActiveCfg = Release|Any CPU
		{82F01167-CBC6-4594-BC94-A8DAF451B0AD}.Release|Any CPU.Build.0 = Release|Any CPU
		{A78A8015-B032-4BAB-99F8-8371EADB7CE1}.Debug|Any CPU.ActiveCfg = Debug|Any CPU
		{A78A8015-B032-4BAB-99F8-8371EADB7CE1}.Debug|Any CPU.Build.0 = Debug|Any CPU
		{A78A8015-B032-4BAB-99F8-8371EADB7CE1}.Release|Any CPU.ActiveCfg = Release|Any CPU
		{A78A8015-B032-4BAB-99F8-8371EADB7CE1}.Release|Any CPU.Build.0 = Release|Any CPU
	EndGlobalSection
	GlobalSection(SolutionProperties) = preSolution
		HideSolutionNode = FALSE
	EndGlobalSection
	GlobalSection(ExtensibilityGlobals) = postSolution
		SolutionGuid = {621F881B-E443-4EE3-A087-4FCB2C6F7C73}
	EndGlobalSection
EndGlobal
